{
  "object": {
    "pins": [
      {
        "package": "Alamofire",
        "repositoryURL": "https://github.com/Alamofire/Alamofire",
        "state": {
          "branch": null,
          "revision": "f455c2975872ccd2d9c81594c658af65716e9b9a",
          "version": "5.9.1"
        }
      },
      {
        "package": "PromiseKit",
        "repositoryURL": "https://github.com/mxcl/PromiseKit",
        "state": {
          "branch": null,
          "revision": "cb70b070cde06837cd10a1febdf6105c1a3bb348",
          "version": "8.1.1"
        }
      },
      {
        "package": "swift-argument-parser",
        "repositoryURL": "https://github.com/apple/swift-argument-parser",
        "state": {
          "branch": null,
          "revision": "0fbc8848e389af3bb55c182bc19ca9d5dc2f255b",
          "version": "1.4.0"
        }
      }
    ]
  },
  "version": 1
}
